github.com/dsoprea/go-ext4 v0.0.0-20190528173430-c13b09fc0ff8 h1:e3CYZInWqO0a3MWfD0WW/11Ki0qo3Fc1ZAHx0+whlhY=
github.com/dsoprea/go-ext4 v0.0.0-20190528173430-c13b09fc0ff8/go.mod h1:UBig4B62vBWtudYo4RJPwdV5Lqo+oeh7AtSCmRIkRPc=
github.com/dsoprea/go-logging v0.0.0-20200710184922-b02d349568dd h1:l+vLbuxptsC6VQyQsfD7NnEC8BZuFpz45PgY+pH8YTg=
github.com/dsoprea/go-logging v0.0.0-20200710184922-b02d349568dd/go.mod h1:7I+3Pe2o/YSU88W0hWlm9S22W7XI1JFNJ86U0zPKMf8=
github.com/go-errors/errors v1.0.2 h1:xMxH9j2fNg/L4hLn/4y3M0IUsn0M6Wbu/Uh9QlOfBh4=
github.com/go-errors/errors v1.0.2/go.mod h1:psDX2osz5VnTOnFWbDeWwS7yejl+uV3FEWEp4lssFEs=
github.com/pierrec/lz4/v4 v4.1.14 h1:+fL8AQEZtz/ijeNnpduH0bROTu0O3NZAlPjQxGn8LwE=
github.com/pierrec/lz4/v4 v4.1.14/go.mod h1:gZWDp/Ze/IJXGXf23ltt2EXimqmTUXEy0GFuRQyBid4=
github.com/u-root/u-root v0.11.0 h1:6gCZLOeRyevw7gbTwMj3fKxnr9+yHFlgF3N7udUVNO8=
github.com/u-root/u-root v0.11.0/go.mod h1:DBkDtiZyONk9hzVEdB/PWI9B4TxDkElWlVTHseglrZY=
github.com/usbarmory/armory-boot v0.0.0-20230920114238-2e5ec916d8f9 h1:lmoDVXrKXZ+E5qezS6iscSUHfLaVOhOnOMB8uILrpOQ=
github.com/usbarmory/armory-boot v0.0.0-20230920114238-2e5ec916d8f9/go.mod h1:20DIzHJntbLDOptGT7TOm8DkT5mL2jRyzPzVXAYVHJ8=
github.com/usbarmory/armory-boot v0.0.0-20230922092524-e66d926bc36c h1:qQL3CljMNrk9TyG8EUvCAPU7/bTVitJMhqlKSNhskis=
github.com/usbarmory/armory-boot v0.0.0-20230922092524-e66d926bc36c/go.mod h1:20DIzHJntbLDOptGT7TOm8DkT5mL2jRyzPzVXAYVHJ8=
github.com/usbarmory/tamago v0.0.0-20230918141454-6bee1977d8c8 h1:S4alaa/ZXu0/65/92iCOwd3qviQcnNzfEoGR9zKe82Y=
github.com/usbarmory/tamago v0.0.0-20230918141454-6bee1977d8c8/go.mod h1:uCPXcPo8SZulhZPz8irfVqzwVlPZ45w7CTJxkfxueGA=
github.com/usbarmory/tamago v0.0.0-20230922151120-1f76695abebe h1:h3PrTFE6iPJzyYz+/2iyIPCUS5yyuqPHRCMsW2IXk3k=
github.com/usbarmory/tamago v0.0.0-20230922151120-1f76695abebe/go.mod h1:uCPXcPo8SZulhZPz8irfVqzwVlPZ45w7CTJxkfxueGA=
golang.org/x/crypto v0.0.0-20190308221718-c2843e01d9a2/go.mod h1:djNgcEr1/C05ACkg1iLfiJU5Ep61QUkGW8qpdssI0+w=
golang.org/x/crypto v0.12.0 h1:tFM/ta59kqch6LlvYnPa0yx5a83cL2nHflFhYKvv9Yk=
golang.org/x/crypto v0.12.0/go.mod h1:NF0Gs7EO5K4qLn+Ylc+fih8BSTeIjAP05siRnAh98yw=
golang.org/x/net v0.0.0-20200501053045-e0ff5e5a1de5/go.mod h1:qpuaurCH72eLCgpAm/N6yyVIVM9cpaDIP3A8BGJEC5A=
golang.org/x/net v0.10.0 h1:X2//UzNDwYmtCLn7To6G58Wr6f5ahEAQgKNzv9Y951M=
golang.org/x/net v0.10.0/go.mod h1:0qNGK6F8kojg2nk9dLZ2mShWaEBan6FAoqfSigmmuDg=
golang.org/x/sync v0.1.0 h1:wsuoTGHzEhffawBOhz5CYhcrV4IdKZbEyZjBMuTp12o=
golang.org/x/sync v0.1.0/go.mod h1:RxMgew5VJxzue5/jJTE5uejpjVlOe/izrB70Jof72aM=
golang.org/x/sys v0.0.0-20190215142949-d0b11bdaac8a/go.mod h1:STP8DvDyc/dI5b8T5hshtkjS+E42TnysNCUPdjciGhY=
golang.org/x/sys v0.0.0-20200323222414-85ca7c5b95cd/go.mod h1:h1NjWce9XRLGQEsW7wpKNCjG9DtNlClVuFLEZdDNbEs=
golang.org/x/sys v0.11.0 h1:eG7RXZHdqOJ1i+0lgLgCpSXAp6M3LYlAo6osgSi0xOM=
golang.org/x/sys v0.11.0/go.mod h1:oPkhp1MJrh7nUepCBck5+mAzfO9JrbApNNgaTdGDITg=
golang.org/x/text v0.3.0/go.mod h1:NqM8EUOU14njkJ3fqMW+pc6Ldnwhi/IjpwHt7yyuwOQ=
